{
  "name": "@definejs/mobile-dialog",
  "version": "0.1.1",
  "lockfileVersion": 1,
  "requires": true,
  "dependencies": {
    "@definejs/define": {
      "version": "0.1.5",
      "resolved": "https://registry.npmjs.org/@definejs/define/-/define-0.1.5.tgz",
      "integrity": "sha512-VzrxUCfLnRJlJ6PVx+8zlzDQBvIYyPLjAACeRIJ7eLSy/J02kE4FKKh7g5TzWnuKk37DrhHEIxiYKxUSIvViEA==",
      "requires": {
        "@definejs/emitter": "^0.1.1",
        "@definejs/module-manager": "^0.1.0",
        "@definejs/object": "^0.1.5",
        "@definejs/string": "^0.1.2"
      }
    },
    "@definejs/dialog": {
      "version": "0.1.7",
      "resolved": "https://registry.npmjs.org/@definejs/dialog/-/dialog-0.1.7.tgz",
      "integrity": "sha512-svp2q6eaFBYIwkCo5+3mSKmFIguP7Afvl7fDMTLX5FKKqfBEmpHkAhXqDgSbSSN1Hyjzwg225o7LhvgeRzcgPQ==",
      "requires": {
        "@definejs/emitter": "^0.1.3",
        "@definejs/masker": "^0.1.2",
        "@definejs/object": "^0.1.6",
        "@definejs/string": "^0.1.4",
        "@definejs/style": "^0.1.0",
        "@definejs/template": "^0.1.1",
        "jquery": "^3.5.1"
      }
    },
    "@definejs/emitter": {
      "version": "0.1.4",
      "resolved": "https://registry.npmjs.org/@definejs/emitter/-/emitter-0.1.4.tgz",
      "integrity": "sha512-vg23Vqhdg3ifYT+SzDOjrIFTMDcivDZUWDo5c5AHyX5L5TsjWaEos3rOoX3FmPit0lEY0mCMVAeW4kT2c43N+w==",
      "requires": {
        "@definejs/object": "^0.1.2",
        "@definejs/tree": "^0.1.4"
      }
    },
    "@definejs/fn": {
      "version": "0.1.3",
      "resolved": "https://registry.npmjs.org/@definejs/fn/-/fn-0.1.3.tgz",
      "integrity": "sha512-u1Y9IytXh98FucW4jx2b9FwcwECrrMsjFn1AGt37ZNfzwiTTxPOXhWMEzqAhPmMfqcrw+tjoIXUlwWsU7YlIUQ==",
      "requires": {
        "@definejs/math": "^0.1.2"
      }
    },
    "@definejs/html-parser": {
      "version": "0.1.1",
      "resolved": "https://registry.npmjs.org/@definejs/html-parser/-/html-parser-0.1.1.tgz",
      "integrity": "sha512-yYCVIKwLqnhU7FOhuLPxcM6JSbX1piUA2ipsbaB3TFd4HZhIS1LPxgAM3AIw4ydnwwuPa7GYpZjmOZ1tgf+pRw=="
    },
    "@definejs/iscroll": {
      "version": "0.1.1",
      "resolved": "https://registry.npmjs.org/@definejs/iscroll/-/iscroll-0.1.1.tgz",
      "integrity": "sha512-oV7HitRc1au9nITmMkGFbks7w1hLuUVyBFAf4BeYmRngTnp6nqiyb6vpCLe9qbg1CzawKcUQjjSdC5xs5k02Nw=="
    },
    "@definejs/loading": {
      "version": "0.1.5",
      "resolved": "https://registry.npmjs.org/@definejs/loading/-/loading-0.1.5.tgz",
      "integrity": "sha512-ABNca/pnAx5tNateWHRI8qdrlG2gPErkRjkIk00aj0AQx28I9mCAhKz07nl7XDQAndW6B2RnZ9ma6zybAvh1rA==",
      "requires": {
        "@definejs/emitter": "^0.1.3",
        "@definejs/masker": "^0.1.0",
        "@definejs/object": "^0.1.6",
        "@definejs/string": "^0.1.4",
        "@definejs/style": "^0.1.0",
        "jquery": "^3.5.1"
      }
    },
    "@definejs/masker": {
      "version": "0.1.4",
      "resolved": "https://registry.npmjs.org/@definejs/masker/-/masker-0.1.4.tgz",
      "integrity": "sha512-xQxf5qQPT5vkpCkWGyHFKKASOZBhe5u8tLe3e24UfodP3fglCvim8YFzXAwxosSwyr3PRW4wlc7iW6qis0j95A==",
      "requires": {
        "@definejs/emitter": "^0.1.3",
        "@definejs/object": "^0.1.6",
        "@definejs/string": "^0.1.4",
        "@definejs/style": "^0.1.0",
        "jquery": "^3.5.1"
      }
    },
    "@definejs/math": {
      "version": "0.1.4",
      "resolved": "https://registry.npmjs.org/@definejs/math/-/math-0.1.4.tgz",
      "integrity": "sha512-bcVlKpwhJGryAJ6dQHC95tGPTscBkWZqE9fV8iOR0k+Cy0lBG677qC409rQbnGccMBoYvOvJtQPop9L2gzrtoA=="
    },
    "@definejs/mobile-masker": {
      "version": "0.1.0",
      "resolved": "https://registry.npmjs.org/@definejs/mobile-masker/-/mobile-masker-0.1.0.tgz",
      "integrity": "sha512-VwcR34gHWB9iow6KB1/kYu8M68iH1yAOns2i7ornpMv67ybl6vvkmCMsOsjf+ZXzcpulqVYxSMwvLRBpAavz6Q==",
      "requires": {
        "@definejs/masker": "^0.1.4",
        "@definejs/touch": "^0.1.0"
      }
    },
    "@definejs/module-manager": {
      "version": "0.1.4",
      "resolved": "https://registry.npmjs.org/@definejs/module-manager/-/module-manager-0.1.4.tgz",
      "integrity": "sha512-F8a3PlQ9DbWZq0EZdZFC6Y+SXC5oJx4JbbBmBdYHQ5FTURQNu1GoaL+nacjqH4q21UDBbEtBBjkPmEpKrFj3sA=="
    },
    "@definejs/object": {
      "version": "0.1.7",
      "resolved": "https://registry.npmjs.org/@definejs/object/-/object-0.1.7.tgz",
      "integrity": "sha512-Km1+636onFmYOTFMPEYK5tjnYlvIk+cGS/eGV/k5YF4fMoZMIouY8MiBtb5Gn5iUKlepr/iFeqCZ6vci6gYFxQ=="
    },
    "@definejs/panel": {
      "version": "0.1.2",
      "resolved": "https://registry.npmjs.org/@definejs/panel/-/panel-0.1.2.tgz",
      "integrity": "sha512-NtqcRFQgKB8HIiLSTxFacbAR7ZOuAQUbNz3XU3Nu92kelP5vifw8KOEkBdp7HK1H6B/TFSKu2ChFy9ZLA96umg==",
      "requires": {
        "@definejs/define": "^0.1.4",
        "@definejs/emitter": "^0.1.3",
        "@definejs/object": "^0.1.5",
        "@definejs/string": "^0.1.3",
        "@definejs/template": "^0.1.0",
        "jquery": "^3.5.1"
      }
    },
    "@definejs/scroller": {
      "version": "0.1.2",
      "resolved": "https://registry.npmjs.org/@definejs/scroller/-/scroller-0.1.2.tgz",
      "integrity": "sha512-PDBJyIEKrcXV3UOUILwJVCS4HH+tLDJwTIlC0Nqv6H0/OWuei0JIHw+Sl6o/kz3Z2KORxmwk70u/4DmxZXbmAA==",
      "requires": {
        "@definejs/emitter": "^0.1.3",
        "@definejs/fn": "^0.1.1",
        "@definejs/iscroll": "^0.1.0",
        "@definejs/loading": "^0.1.4",
        "@definejs/object": "^0.1.6",
        "@definejs/panel": "^0.1.1",
        "@definejs/string": "^0.1.4",
        "jquery": "^3.5.1"
      }
    },
    "@definejs/string": {
      "version": "0.1.5",
      "resolved": "https://registry.npmjs.org/@definejs/string/-/string-0.1.5.tgz",
      "integrity": "sha512-vQBMujgfLJdZOoxizeJUO87n50z/wQIkiwnFedChl8H9IuEa8FuKMIeZ2cQb1q0tphIPLTiXe4Mh+N5oe1NT5w=="
    },
    "@definejs/style": {
      "version": "0.1.0",
      "resolved": "https://registry.npmjs.org/@definejs/style/-/style-0.1.0.tgz",
      "integrity": "sha512-J+sLpT0zS3oIhXm+EXX9iREhIhhwWhcWIag+raLuRb9RsCvVJTJ6SVq3ez0E71c2mlq6i8cbzTKp4m7vtCnCpw==",
      "requires": {
        "@definejs/object": "^0.1.5"
      }
    },
    "@definejs/template": {
      "version": "0.1.2",
      "resolved": "https://registry.npmjs.org/@definejs/template/-/template-0.1.2.tgz",
      "integrity": "sha512-DQf5WKOGfzYG1P01ZCichlygaKo2vmJgNoCL5kRa/9ujK5QzFcz1cEgvh34hmw/hsCYDEklQhVlmPXPlh2pBzg==",
      "requires": {
        "@definejs/emitter": "^0.1.3",
        "@definejs/html-parser": "^0.1.0",
        "@definejs/object": "^0.1.5",
        "@definejs/string": "^0.1.3",
        "jquery": "^3.5.1"
      }
    },
    "@definejs/touch": {
      "version": "0.1.0",
      "resolved": "https://registry.npmjs.org/@definejs/touch/-/touch-0.1.0.tgz",
      "integrity": "sha512-PsKsYVSHbQA/GeCAn+eGHhIxsf6GokSiSseV8/WNMu8XvVFOdnSEVnWBwiB93CuzBX3ufD867VOUI2NGtoyE1A==",
      "requires": {
        "@definejs/object": "^0.1.7",
        "jquery": "^3.5.1"
      }
    },
    "@definejs/tree": {
      "version": "0.1.5",
      "resolved": "https://registry.npmjs.org/@definejs/tree/-/tree-0.1.5.tgz",
      "integrity": "sha512-fuHw1Z2S8NlUUJiafnDc5PplSJflTtwy3cG/NaOT/YO3zcKEiP5DHk2a0Omq1Eeyhe4ynepY8IqhXaH937Uefg==",
      "requires": {
        "@definejs/object": "^0.1.0"
      }
    },
    "jquery": {
      "version": "3.5.1",
      "resolved": "https://registry.npmjs.org/jquery/-/jquery-3.5.1.tgz",
      "integrity": "sha512-XwIBPqcMn57FxfT+Go5pzySnm4KWkT1Tv7gjrpT1srtf8Weynl6R273VJ5GjkRb51IzMp5nbaPjJXMWeju2MKg=="
    }
  }
}
